
Microsoft Visual Studio Solution File, Format Version 12.00
# Visual Studio 15
VisualStudioVersion = 15.0.28307.572
MinimumVisualStudioVersion = 10.0.40219.1
Project("{FAE04EC0-301F-11D3-BF4B-00C04F79EFBC}") = "Engage3", "Engage3\Engage3.csproj", "{E226A14F-0777-4273-B345-96958F9F6096}"
EndProject
Global
	GlobalSection(SolutionConfigurationPlatforms) = preSolution
		Debug|Any CPU = Debug|Any CPU
		Release|Any CPU = Release|Any CPU
	EndGlobalSection
	GlobalSection(ProjectConfigurationPlatforms) = postSolution
		{E226A14F-0777-4273-B345-96958F9F6096}.Debug|Any CPU.ActiveCfg = Debug|Any CPU
		{E226A14F-0777-4273-B345-96958F9F6096}.Debug|Any CPU.Build.0 = Debug|Any CPU
		{E226A14F-0777-4273-B345-96958F9F6096}.Release|Any CPU.ActiveCfg = Release|Any CPU
		{E226A14F-0777-4273-B345-96958F9F6096}.Release|Any CPU.Build.0 = Release|Any CPU
	EndGlobalSection
	GlobalSection(SolutionProperties) = preSolution
		HideSolutionNode = FALSE
	EndGlobalSection
	GlobalSection(ExtensibilityGlobals) = postSolution
		SolutionGuid = {F722BEF4-BAEE-4814-AF07-C5E690FD04FB}
	EndGlobalSection
EndGlobal
